
Microsoft Visual Studio Solution File, Format Version 12.00
# Visual Studio 15
VisualStudioVersion = 15.0.28307.168
MinimumVisualStudioVersion = 10.0.40219.1
Project("{FAE04EC0-301F-11D3-BF4B-00C04F79EFBC}") = "MTC.LPS.Android", "MTC.LPS\MTC.LPS.Android\MTC.LPS.Android.csproj", "{0FD547D1-2911-4664-AFE0-74AB6A614FC7}"
EndProject
Project("{FAE04EC0-301F-11D3-BF4B-00C04F79EFBC}") = "MTC.LPS.iOS", "MTC.LPS\MTC.LPS.iOS\MTC.LPS.iOS.csproj", "{BC9F8436-D249-4E2A-9D0B-D977D4716D62}"
EndProject
Project("{9A19103F-16F7-4668-BE54-9A1E7A4F7556}") = "MTC.LPS", "MTC.LPS\MTC.LPS\MTC.LPS.csproj", "{B3CC307E-5284-4F86-8E16-B3C8C95DA76F}"
EndProject
Project("{FAE04EC0-301F-11D3-BF4B-00C04F79EFBC}") = "MTC.LPS.UWP", "MTC.LPS\MTC.LPS.UWP\MTC.LPS.UWP.csproj", "{7E99C476-26CD-4B35-BAD3-016537ADDE2F}"
EndProject
Global
	GlobalSection(SolutionConfigurationPlatforms) = preSolution
		Ad-Hoc|Any CPU = Ad-Hoc|Any CPU
		Ad-Hoc|ARM = Ad-Hoc|ARM
		Ad-Hoc|ARM64 = Ad-Hoc|ARM64
		Ad-Hoc|iPhone = Ad-Hoc|iPhone
		Ad-Hoc|iPhoneSimulator = Ad-Hoc|iPhoneSimulator
		Ad-Hoc|x64 = Ad-Hoc|x64
		Ad-Hoc|x86 = Ad-Hoc|x86
		AppStore|Any CPU = AppStore|Any CPU
		AppStore|ARM = AppStore|ARM
		AppStore|ARM64 = AppStore|ARM64
		AppStore|iPhone = AppStore|iPhone
		AppStore|iPhoneSimulator = AppStore|iPhoneSimulator
		AppStore|x64 = AppStore|x64
		AppStore|x86 = AppStore|x86
		Debug|Any CPU = Debug|Any CPU
		Debug|ARM = Debug|ARM
		Debug|ARM64 = Debug|ARM64
		Debug|iPhone = Debug|iPhone
		Debug|iPhoneSimulator = Debug|iPhoneSimulator
		Debug|x64 = Debug|x64
		Debug|x86 = Debug|x86
		Release|Any CPU = Release|Any CPU
		Release|ARM = Release|ARM
		Release|ARM64 = Release|ARM64
		Release|iPhone = Release|iPhone
		Release|iPhoneSimulator = Release|iPhoneSimulator
		Release|x64 = Release|x64
		Release|x86 = Release|x86
	EndGlobalSection
	GlobalSection(ProjectConfigurationPlatforms) = postSolution
		{0FD547D1-2911-4664-AFE0-74AB6A614FC7}.Ad-Hoc|Any CPU.ActiveCfg = Release|Any CPU
		{0FD547D1-2911-4664-AFE0-74AB6A614FC7}.Ad-Hoc|Any CPU.Build.0 = Release|Any CPU
		{0FD547D1-2911-4664-AFE0-74AB6A614FC7}.Ad-Hoc|Any CPU.Deploy.0 = Release|Any CPU
		{0FD547D1-2911-4664-AFE0-74AB6A614FC7}.Ad-Hoc|ARM.ActiveCfg = Debug|Any CPU
		{0FD547D1-2911-4664-AFE0-74AB6A614FC7}.Ad-Hoc|ARM.Build.0 = Debug|Any CPU
		{0FD547D1-2911-4664-AFE0-74AB6A614FC7}.Ad-Hoc|ARM.Deploy.0 = Debug|Any CPU
		{0FD547D1-2911-4664-AFE0-74AB6A614FC7}.Ad-Hoc|ARM64.ActiveCfg = Debug|Any CPU
		{0FD547D1-2911-4664-AFE0-74AB6A614FC7}.Ad-Hoc|ARM64.Build.0 = Debug|Any CPU
		{0FD547D1-2911-4664-AFE0-74AB6A614FC7}.Ad-Hoc|ARM64.Deploy.0 = Debug|Any CPU
		{0FD547D1-2911-4664-AFE0-74AB6A614FC7}.Ad-Hoc|iPhone.ActiveCfg = Release|Any CPU
		{0FD547D1-2911-4664-AFE0-74AB6A614FC7}.Ad-Hoc|iPhone.Build.0 = Release|Any CPU
		{0FD547D1-2911-4664-AFE0-74AB6A614FC7}.Ad-Hoc|iPhone.Deploy.0 = Release|Any CPU
		{0FD547D1-2911-4664-AFE0-74AB6A614FC7}.Ad-Hoc|iPhoneSimulator.ActiveCfg = Release|Any CPU
		{0FD547D1-2911-4664-AFE0-74AB6A614FC7}.Ad-Hoc|iPhoneSimulator.Build.0 = Release|Any CPU
		{0FD547D1-2911-4664-AFE0-74AB6A614FC7}.Ad-Hoc|iPhoneSimulator.Deploy.0 = Release|Any CPU
		{0FD547D1-2911-4664-AFE0-74AB6A614FC7}.Ad-Hoc|x64.ActiveCfg = Debug|Any CPU
		{0FD547D1-2911-4664-AFE0-74AB6A614FC7}.Ad-Hoc|x64.Build.0 = Debug|Any CPU
		{0FD547D1-2911-4664-AFE0-74AB6A614FC7}.Ad-Hoc|x64.Deploy.0 = Debug|Any CPU
		{0FD547D1-2911-4664-AFE0-74AB6A614FC7}.Ad-Hoc|x86.ActiveCfg = Debug|Any CPU
		{0FD547D1-2911-4664-AFE0-74AB6A614FC7}.Ad-Hoc|x86.Build.0 = Debug|Any CPU
		{0FD547D1-2911-4664-AFE0-74AB6A614FC7}.Ad-Hoc|x86.Deploy.0 = Debug|Any CPU
		{0FD547D1-2911-4664-AFE0-74AB6A614FC7}.AppStore|Any CPU.ActiveCfg = Release|Any CPU
		{0FD547D1-2911-4664-AFE0-74AB6A614FC7}.AppStore|Any CPU.Build.0 = Release|Any CPU
		{0FD547D1-2911-4664-AFE0-74AB6A614FC7}.AppStore|Any CPU.Deploy.0 = Release|Any CPU
		{0FD547D1-2911-4664-AFE0-74AB6A614FC7}.AppStore|ARM.ActiveCfg = Debug|Any CPU
		{0FD547D1-2911-4664-AFE0-74AB6A614FC7}.AppStore|ARM.Build.0 = Debug|Any CPU
		{0FD547D1-2911-4664-AFE0-74AB6A614FC7}.AppStore|ARM.Deploy.0 = Debug|Any CPU
		{0FD547D1-2911-4664-AFE0-74AB6A614FC7}.AppStore|ARM64.ActiveCfg = Debug|Any CPU
		{0FD547D1-2911-4664-AFE0-74AB6A614FC7}.AppStore|ARM64.Build.0 = Debug|Any CPU
		{0FD547D1-2911-4664-AFE0-74AB6A614FC7}.AppStore|ARM64.Deploy.0 = Debug|Any CPU
		{0FD547D1-2911-4664-AFE0-74AB6A614FC7}.AppStore|iPhone.ActiveCfg = Release|Any CPU
		{0FD547D1-2911-4664-AFE0-74AB6A614FC7}.AppStore|iPhone.Build.0 = Release|Any CPU
		{0FD547D1-2911-4664-AFE0-74AB6A614FC7}.AppStore|iPhone.Deploy.0 = Release|Any CPU
		{0FD547D1-2911-4664-AFE0-74AB6A614FC7}.AppStore|iPhoneSimulator.ActiveCfg = Release|Any CPU
		{0FD547D1-2911-4664-AFE0-74AB6A614FC7}.AppStore|iPhoneSimulator.Build.0 = Release|Any CPU
		{0FD547D1-2911-4664-AFE0-74AB6A614FC7}.AppStore|iPhoneSimulator.Deploy.0 = Release|Any CPU
		{0FD547D1-2911-4664-AFE0-74AB6A614FC7}.AppStore|x64.ActiveCfg = Debug|Any CPU
		{0FD547D1-2911-4664-AFE0-74AB6A614FC7}.AppStore|x64.Build.0 = Debug|Any CPU
		{0FD547D1-2911-4664-AFE0-74AB6A614FC7}.AppStore|x64.Deploy.0 = Debug|Any CPU
		{0FD547D1-2911-4664-AFE0-74AB6A614FC7}.AppStore|x86.ActiveCfg = Debug|Any CPU
		{0FD547D1-2911-4664-AFE0-74AB6A614FC7}.AppStore|x86.Build.0 = Debug|Any CPU
		{0FD547D1-2911-4664-AFE0-74AB6A614FC7}.AppStore|x86.Deploy.0 = Debug|Any CPU
		{0FD547D1-2911-4664-AFE0-74AB6A614FC7}.Debug|Any CPU.ActiveCfg = Debug|Any CPU
		{0FD547D1-2911-4664-AFE0-74AB6A614FC7}.Debug|Any CPU.Build.0 = Debug|Any CPU
		{0FD547D1-2911-4664-AFE0-74AB6A614FC7}.Debug|Any CPU.Deploy.0 = Debug|Any CPU
		{0FD547D1-2911-4664-AFE0-74AB6A614FC7}.Debug|ARM.ActiveCfg = Debug|Any CPU
		{0FD547D1-2911-4664-AFE0-74AB6A614FC7}.Debug|ARM.Build.0 = Debug|Any CPU
		{0FD547D1-2911-4664-AFE0-74AB6A614FC7}.Debug|ARM.Deploy.0 = Debug|Any CPU
		{0FD547D1-2911-4664-AFE0-74AB6A614FC7}.Debug|ARM64.ActiveCfg = Debug|Any CPU
		{0FD547D1-2911-4664-AFE0-74AB6A614FC7}.Debug|ARM64.Build.0 = Debug|Any CPU
		{0FD547D1-2911-4664-AFE0-74AB6A614FC7}.Debug|ARM64.Deploy.0 = Debug|Any CPU
		{0FD547D1-2911-4664-AFE0-74AB6A614FC7}.Debug|iPhone.ActiveCfg = Debug|Any CPU
		{0FD547D1-2911-4664-AFE0-74AB6A614FC7}.Debug|iPhone.Build.0 = Debug|Any CPU
		{0FD547D1-2911-4664-AFE0-74AB6A614FC7}.Debug|iPhone.Deploy.0 = Debug|Any CPU
		{0FD547D1-2911-4664-AFE0-74AB6A614FC7}.Debug|iPhoneSimulator.ActiveCfg = Debug|Any CPU
		{0FD547D1-2911-4664-AFE0-74AB6A614FC7}.Debug|iPhoneSimulator.Build.0 = Debug|Any CPU
		{0FD547D1-2911-4664-AFE0-74AB6A614FC7}.Debug|iPhoneSimulator.Deploy.0 = Debug|Any CPU
		{0FD547D1-2911-4664-AFE0-74AB6A614FC7}.Debug|x64.ActiveCfg = Debug|Any CPU
		{0FD547D1-2911-4664-AFE0-74AB6A614FC7}.Debug|x64.Build.0 = Debug|Any CPU
		{0FD547D1-2911-4664-AFE0-74AB6A614FC7}.Debug|x64.Deploy.0 = Debug|Any CPU
		{0FD547D1-2911-4664-AFE0-74AB6A614FC7}.Debug|x86.ActiveCfg = Debug|Any CPU
		{0FD547D1-2911-4664-AFE0-74AB6A614FC7}.Debug|x86.Build.0 = Debug|Any CPU
		{0FD547D1-2911-4664-AFE0-74AB6A614FC7}.Debug|x86.Deploy.0 = Debug|Any CPU
		{0FD547D1-2911-4664-AFE0-74AB6A614FC7}.Release|Any CPU.ActiveCfg = Release|Any CPU
		{0FD547D1-2911-4664-AFE0-74AB6A614FC7}.Release|Any CPU.Build.0 = Release|Any CPU
		{0FD547D1-2911-4664-AFE0-74AB6A614FC7}.Release|Any CPU.Deploy.0 = Release|Any CPU
		{0FD547D1-2911-4664-AFE0-74AB6A614FC7}.Release|ARM.ActiveCfg = Release|Any CPU
		{0FD547D1-2911-4664-AFE0-74AB6A614FC7}.Release|ARM.Build.0 = Release|Any CPU
		{0FD547D1-2911-4664-AFE0-74AB6A614FC7}.Release|ARM.Deploy.0 = Release|Any CPU
		{0FD547D1-2911-4664-AFE0-74AB6A614FC7}.Release|ARM64.ActiveCfg = Release|Any CPU
		{0FD547D1-2911-4664-AFE0-74AB6A614FC7}.Release|ARM64.Build.0 = Release|Any CPU
		{0FD547D1-2911-4664-AFE0-74AB6A614FC7}.Release|ARM64.Deploy.0 = Release|Any CPU
		{0FD547D1-2911-4664-AFE0-74AB6A614FC7}.Release|iPhone.ActiveCfg = Release|Any CPU
		{0FD547D1-2911-4664-AFE0-74AB6A614FC7}.Release|iPhone.Build.0 = Release|Any CPU
		{0FD547D1-2911-4664-AFE0-74AB6A614FC7}.Release|iPhone.Deploy.0 = Release|Any CPU
		{0FD547D1-2911-4664-AFE0-74AB6A614FC7}.Release|iPhoneSimulator.ActiveCfg = Release|Any CPU
		{0FD547D1-2911-4664-AFE0-74AB6A614FC7}.Release|iPhoneSimulator.Build.0 = Release|Any CPU
		{0FD547D1-2911-4664-AFE0-74AB6A614FC7}.Release|iPhoneSimulator.Deploy.0 = Release|Any CPU
		{0FD547D1-2911-4664-AFE0-74AB6A614FC7}.Release|x64.ActiveCfg = Release|Any CPU
		{0FD547D1-2911-4664-AFE0-74AB6A614FC7}.Release|x64.Build.0 = Release|Any CPU
		{0FD547D1-2911-4664-AFE0-74AB6A614FC7}.Release|x64.Deploy.0 = Release|Any CPU
		{0FD547D1-2911-4664-AFE0-74AB6A614FC7}.Release|x86.ActiveCfg = Release|Any CPU
		{0FD547D1-2911-4664-AFE0-74AB6A614FC7}.Release|x86.Build.0 = Release|Any CPU
		{0FD547D1-2911-4664-AFE0-74AB6A614FC7}.Release|x86.Deploy.0 = Release|Any CPU
		{BC9F8436-D249-4E2A-9D0B-D977D4716D62}.Ad-Hoc|Any CPU.ActiveCfg = Ad-Hoc|iPhone
		{BC9F8436-D249-4E2A-9D0B-D977D4716D62}.Ad-Hoc|Any CPU.Build.0 = Ad-Hoc|iPhone
		{BC9F8436-D249-4E2A-9D0B-D977D4716D62}.Ad-Hoc|Any CPU.Deploy.0 = Ad-Hoc|iPhone
		{BC9F8436-D249-4E2A-9D0B-D977D4716D62}.Ad-Hoc|ARM.ActiveCfg = Ad-Hoc|iPhoneSimulator
		{BC9F8436-D249-4E2A-9D0B-D977D4716D62}.Ad-Hoc|ARM64.ActiveCfg = Ad-Hoc|iPhoneSimulator
		{BC9F8436-D249-4E2A-9D0B-D977D4716D62}.Ad-Hoc|iPhone.ActiveCfg = Ad-Hoc|iPhone
		{BC9F8436-D249-4E2A-9D0B-D977D4716D62}.Ad-Hoc|iPhone.Build.0 = Ad-Hoc|iPhone
		{BC9F8436-D249-4E2A-9D0B-D977D4716D62}.Ad-Hoc|iPhone.Deploy.0 = Ad-Hoc|iPhone
		{BC9F8436-D249-4E2A-9D0B-D977D4716D62}.Ad-Hoc|iPhoneSimulator.ActiveCfg = Ad-Hoc|iPhoneSimulator
		{BC9F8436-D249-4E2A-9D0B-D977D4716D62}.Ad-Hoc|iPhoneSimulator.Build.0 = Ad-Hoc|iPhoneSimulator
		{BC9F8436-D249-4E2A-9D0B-D977D4716D62}.Ad-Hoc|iPhoneSimulator.Deploy.0 = Ad-Hoc|iPhoneSimulator
		{BC9F8436-D249-4E2A-9D0B-D977D4716D62}.Ad-Hoc|x64.ActiveCfg = Ad-Hoc|iPhoneSimulator
		{BC9F8436-D249-4E2A-9D0B-D977D4716D62}.Ad-Hoc|x86.ActiveCfg = Ad-Hoc|iPhoneSimulator
		{BC9F8436-D249-4E2A-9D0B-D977D4716D62}.AppStore|Any CPU.ActiveCfg = AppStore|iPhone
		{BC9F8436-D249-4E2A-9D0B-D977D4716D62}.AppStore|Any CPU.Build.0 = AppStore|iPhone
		{BC9F8436-D249-4E2A-9D0B-D977D4716D62}.AppStore|Any CPU.Deploy.0 = AppStore|iPhone
		{BC9F8436-D249-4E2A-9D0B-D977D4716D62}.AppStore|ARM.ActiveCfg = AppStore|iPhoneSimulator
		{BC9F8436-D249-4E2A-9D0B-D977D4716D62}.AppStore|ARM64.ActiveCfg = AppStore|iPhoneSimulator
		{BC9F8436-D249-4E2A-9D0B-D977D4716D62}.AppStore|iPhone.ActiveCfg = AppStore|iPhone
		{BC9F8436-D249-4E2A-9D0B-D977D4716D62}.AppStore|iPhone.Build.0 = AppStore|iPhone
		{BC9F8436-D249-4E2A-9D0B-D977D4716D62}.AppStore|iPhone.Deploy.0 = AppStore|iPhone
		{BC9F8436-D249-4E2A-9D0B-D977D4716D62}.AppStore|iPhoneSimulator.ActiveCfg = AppStore|iPhoneSimulator
		{BC9F8436-D249-4E2A-9D0B-D977D4716D62}.AppStore|iPhoneSimulator.Build.0 = AppStore|iPhoneSimulator
		{BC9F8436-D249-4E2A-9D0B-D977D4716D62}.AppStore|iPhoneSimulator.Deploy.0 = AppStore|iPhoneSimulator
		{BC9F8436-D249-4E2A-9D0B-D977D4716D62}.AppStore|x64.ActiveCfg = AppStore|iPhoneSimulator
		{BC9F8436-D249-4E2A-9D0B-D977D4716D62}.AppStore|x86.ActiveCfg = AppStore|iPhoneSimulator
		{BC9F8436-D249-4E2A-9D0B-D977D4716D62}.Debug|Any CPU.ActiveCfg = Debug|iPhoneSimulator
		{BC9F8436-D249-4E2A-9D0B-D977D4716D62}.Debug|Any CPU.Build.0 = Debug|iPhoneSimulator
		{BC9F8436-D249-4E2A-9D0B-D977D4716D62}.Debug|Any CPU.Deploy.0 = Debug|iPhoneSimulator
		{BC9F8436-D249-4E2A-9D0B-D977D4716D62}.Debug|ARM.ActiveCfg = Debug|iPhone
		{BC9F8436-D249-4E2A-9D0B-D977D4716D62}.Debug|ARM64.ActiveCfg = Debug|iPhone
		{BC9F8436-D249-4E2A-9D0B-D977D4716D62}.Debug|iPhone.ActiveCfg = Debug|iPhone
		{BC9F8436-D249-4E2A-9D0B-D977D4716D62}.Debug|iPhone.Build.0 = Debug|iPhone
		{BC9F8436-D249-4E2A-9D0B-D977D4716D62}.Debug|iPhone.Deploy.0 = Debug|iPhone
		{BC9F8436-D249-4E2A-9D0B-D977D4716D62}.Debug|iPhoneSimulator.ActiveCfg = Debug|iPhoneSimulator
		{BC9F8436-D249-4E2A-9D0B-D977D4716D62}.Debug|iPhoneSimulator.Build.0 = Debug|iPhoneSimulator
		{BC9F8436-D249-4E2A-9D0B-D977D4716D62}.Debug|iPhoneSimulator.Deploy.0 = Debug|iPhoneSimulator
		{BC9F8436-D249-4E2A-9D0B-D977D4716D62}.Debug|x64.ActiveCfg = Debug|iPhone
		{BC9F8436-D249-4E2A-9D0B-D977D4716D62}.Debug|x86.ActiveCfg = Debug|iPhone
		{BC9F8436-D249-4E2A-9D0B-D977D4716D62}.Release|Any CPU.ActiveCfg = Release|iPhone
		{BC9F8436-D249-4E2A-9D0B-D977D4716D62}.Release|Any CPU.Build.0 = Release|iPhone
		{BC9F8436-D249-4E2A-9D0B-D977D4716D62}.Release|Any CPU.Deploy.0 = Release|iPhone
		{BC9F8436-D249-4E2A-9D0B-D977D4716D62}.Release|ARM.ActiveCfg = Release|iPhoneSimulator
		{BC9F8436-D249-4E2A-9D0B-D977D4716D62}.Release|ARM64.ActiveCfg = Release|iPhoneSimulator
		{BC9F8436-D249-4E2A-9D0B-D977D4716D62}.Release|iPhone.ActiveCfg = Release|iPhone
		{BC9F8436-D249-4E2A-9D0B-D977D4716D62}.Release|iPhone.Build.0 = Release|iPhone
		{BC9F8436-D249-4E2A-9D0B-D977D4716D62}.Release|iPhone.Deploy.0 = Release|iPhone
		{BC9F8436-D249-4E2A-9D0B-D977D4716D62}.Release|iPhoneSimulator.ActiveCfg = Release|iPhoneSimulator
		{BC9F8436-D249-4E2A-9D0B-D977D4716D62}.Release|iPhoneSimulator.Build.0 = Release|iPhoneSimulator
		{BC9F8436-D249-4E2A-9D0B-D977D4716D62}.Release|iPhoneSimulator.Deploy.0 = Release|iPhoneSimulator
		{BC9F8436-D249-4E2A-9D0B-D977D4716D62}.Release|x64.ActiveCfg = Release|iPhoneSimulator
		{BC9F8436-D249-4E2A-9D0B-D977D4716D62}.Release|x86.ActiveCfg = Release|iPhoneSimulator
		{B3CC307E-5284-4F86-8E16-B3C8C95DA76F}.Ad-Hoc|Any CPU.ActiveCfg = Debug|Any CPU
		{B3CC307E-5284-4F86-8E16-B3C8C95DA76F}.Ad-Hoc|Any CPU.Build.0 = Debug|Any CPU
		{B3CC307E-5284-4F86-8E16-B3C8C95DA76F}.Ad-Hoc|Any CPU.Deploy.0 = Debug|Any CPU
		{B3CC307E-5284-4F86-8E16-B3C8C95DA76F}.Ad-Hoc|ARM.ActiveCfg = Release|Any CPU
		{B3CC307E-5284-4F86-8E16-B3C8C95DA76F}.Ad-Hoc|ARM.Build.0 = Release|Any CPU
		{B3CC307E-5284-4F86-8E16-B3C8C95DA76F}.Ad-Hoc|ARM64.ActiveCfg = Release|Any CPU
		{B3CC307E-5284-4F86-8E16-B3C8C95DA76F}.Ad-Hoc|ARM64.Build.0 = Release|Any CPU
		{B3CC307E-5284-4F86-8E16-B3C8C95DA76F}.Ad-Hoc|iPhone.ActiveCfg = Debug|Any CPU
		{B3CC307E-5284-4F86-8E16-B3C8C95DA76F}.Ad-Hoc|iPhone.Build.0 = Debug|Any CPU
		{B3CC307E-5284-4F86-8E16-B3C8C95DA76F}.Ad-Hoc|iPhone.Deploy.0 = Debug|Any CPU
		{B3CC307E-5284-4F86-8E16-B3C8C95DA76F}.Ad-Hoc|iPhoneSimulator.ActiveCfg = Debug|Any CPU
		{B3CC307E-5284-4F86-8E16-B3C8C95DA76F}.Ad-Hoc|iPhoneSimulator.Build.0 = Debug|Any CPU
		{B3CC307E-5284-4F86-8E16-B3C8C95DA76F}.Ad-Hoc|iPhoneSimulator.Deploy.0 = Debug|Any CPU
		{B3CC307E-5284-4F86-8E16-B3C8C95DA76F}.Ad-Hoc|x64.ActiveCfg = Release|Any CPU
		{B3CC307E-5284-4F86-8E16-B3C8C95DA76F}.Ad-Hoc|x64.Build.0 = Release|Any CPU
		{B3CC307E-5284-4F86-8E16-B3C8C95DA76F}.Ad-Hoc|x86.ActiveCfg = Release|Any CPU
		{B3CC307E-5284-4F86-8E16-B3C8C95DA76F}.Ad-Hoc|x86.Build.0 = Release|Any CPU
		{B3CC307E-5284-4F86-8E16-B3C8C95DA76F}.AppStore|Any CPU.ActiveCfg = Debug|Any CPU
		{B3CC307E-5284-4F86-8E16-B3C8C95DA76F}.AppStore|Any CPU.Build.0 = Debug|Any CPU
		{B3CC307E-5284-4F86-8E16-B3C8C95DA76F}.AppStore|Any CPU.Deploy.0 = Debug|Any CPU
		{B3CC307E-5284-4F86-8E16-B3C8C95DA76F}.AppStore|ARM.ActiveCfg = Release|Any CPU
		{B3CC307E-5284-4F86-8E16-B3C8C95DA76F}.AppStore|ARM.Build.0 = Release|Any CPU
		{B3CC307E-5284-4F86-8E16-B3C8C95DA76F}.AppStore|ARM64.ActiveCfg = Release|Any CPU
		{B3CC307E-5284-4F86-8E16-B3C8C95DA76F}.AppStore|ARM64.Build.0 = Release|Any CPU
		{B3CC307E-5284-4F86-8E16-B3C8C95DA76F}.AppStore|iPhone.ActiveCfg = Debug|Any CPU
		{B3CC307E-5284-4F86-8E16-B3C8C95DA76F}.AppStore|iPhone.Build.0 = Debug|Any CPU
		{B3CC307E-5284-4F86-8E16-B3C8C95DA76F}.AppStore|iPhone.Deploy.0 = Debug|Any CPU
		{B3CC307E-5284-4F86-8E16-B3C8C95DA76F}.AppStore|iPhoneSimulator.ActiveCfg = Debug|Any CPU
		{B3CC307E-5284-4F86-8E16-B3C8C95DA76F}.AppStore|iPhoneSimulator.Build.0 = Debug|Any CPU
		{B3CC307E-5284-4F86-8E16-B3C8C95DA76F}.AppStore|iPhoneSimulator.Deploy.0 = Debug|Any CPU
		{B3CC307E-5284-4F86-8E16-B3C8C95DA76F}.AppStore|x64.ActiveCfg = Release|Any CPU
		{B3CC307E-5284-4F86-8E16-B3C8C95DA76F}.AppStore|x64.Build.0 = Release|Any CPU
		{B3CC307E-5284-4F86-8E16-B3C8C95DA76F}.AppStore|x86.ActiveCfg = Release|Any CPU
		{B3CC307E-5284-4F86-8E16-B3C8C95DA76F}.AppStore|x86.Build.0 = Release|Any CPU
		{B3CC307E-5284-4F86-8E16-B3C8C95DA76F}.Debug|Any CPU.ActiveCfg = Debug|Any CPU
		{B3CC307E-5284-4F86-8E16-B3C8C95DA76F}.Debug|Any CPU.Build.0 = Debug|Any CPU
		{B3CC307E-5284-4F86-8E16-B3C8C95DA76F}.Debug|Any CPU.Deploy.0 = Debug|Any CPU
		{B3CC307E-5284-4F86-8E16-B3C8C95DA76F}.Debug|ARM.ActiveCfg = Debug|Any CPU
		{B3CC307E-5284-4F86-8E16-B3C8C95DA76F}.Debug|ARM.Build.0 = Debug|Any CPU
		{B3CC307E-5284-4F86-8E16-B3C8C95DA76F}.Debug|ARM64.ActiveCfg = Debug|Any CPU
		{B3CC307E-5284-4F86-8E16-B3C8C95DA76F}.Debug|ARM64.Build.0 = Debug|Any CPU
		{B3CC307E-5284-4F86-8E16-B3C8C95DA76F}.Debug|iPhone.ActiveCfg = Debug|Any CPU
		{B3CC307E-5284-4F86-8E16-B3C8C95DA76F}.Debug|iPhone.Build.0 = Debug|Any CPU
		{B3CC307E-5284-4F86-8E16-B3C8C95DA76F}.Debug|iPhone.Deploy.0 = Debug|Any CPU
		{B3CC307E-5284-4F86-8E16-B3C8C95DA76F}.Debug|iPhoneSimulator.ActiveCfg = Debug|Any CPU
		{B3CC307E-5284-4F86-8E16-B3C8C95DA76F}.Debug|iPhoneSimulator.Build.0 = Debug|Any CPU
		{B3CC307E-5284-4F86-8E16-B3C8C95DA76F}.Debug|iPhoneSimulator.Deploy.0 = Debug|Any CPU
		{B3CC307E-5284-4F86-8E16-B3C8C95DA76F}.Debug|x64.ActiveCfg = Debug|Any CPU
		{B3CC307E-5284-4F86-8E16-B3C8C95DA76F}.Debug|x64.Build.0 = Debug|Any CPU
		{B3CC307E-5284-4F86-8E16-B3C8C95DA76F}.Debug|x86.ActiveCfg = Debug|Any CPU
		{B3CC307E-5284-4F86-8E16-B3C8C95DA76F}.Debug|x86.Build.0 = Debug|Any CPU
		{B3CC307E-5284-4F86-8E16-B3C8C95DA76F}.Release|Any CPU.ActiveCfg = Release|Any CPU
		{B3CC307E-5284-4F86-8E16-B3C8C95DA76F}.Release|Any CPU.Build.0 = Release|Any CPU
		{B3CC307E-5284-4F86-8E16-B3C8C95DA76F}.Release|Any CPU.Deploy.0 = Release|Any CPU
		{B3CC307E-5284-4F86-8E16-B3C8C95DA76F}.Release|ARM.ActiveCfg = Release|Any CPU
		{B3CC307E-5284-4F86-8E16-B3C8C95DA76F}.Release|ARM.Build.0 = Release|Any CPU
		{B3CC307E-5284-4F86-8E16-B3C8C95DA76F}.Release|ARM64.ActiveCfg = Release|Any CPU
		{B3CC307E-5284-4F86-8E16-B3C8C95DA76F}.Release|ARM64.Build.0 = Release|Any CPU
		{B3CC307E-5284-4F86-8E16-B3C8C95DA76F}.Release|iPhone.ActiveCfg = Release|Any CPU
		{B3CC307E-5284-4F86-8E16-B3C8C95DA76F}.Release|iPhone.Build.0 = Release|Any CPU
		{B3CC307E-5284-4F86-8E16-B3C8C95DA76F}.Release|iPhone.Deploy.0 = Release|Any CPU
		{B3CC307E-5284-4F86-8E16-B3C8C95DA76F}.Release|iPhoneSimulator.ActiveCfg = Release|Any CPU
		{B3CC307E-5284-4F86-8E16-B3C8C95DA76F}.Release|iPhoneSimulator.Build.0 = Release|Any CPU
		{B3CC307E-5284-4F86-8E16-B3C8C95DA76F}.Release|iPhoneSimulator.Deploy.0 = Release|Any CPU
		{B3CC307E-5284-4F86-8E16-B3C8C95DA76F}.Release|x64.ActiveCfg = Release|Any CPU
		{B3CC307E-5284-4F86-8E16-B3C8C95DA76F}.Release|x64.Build.0 = Release|Any CPU
		{B3CC307E-5284-4F86-8E16-B3C8C95DA76F}.Release|x86.ActiveCfg = Release|Any CPU
		{B3CC307E-5284-4F86-8E16-B3C8C95DA76F}.Release|x86.Build.0 = Release|Any CPU
		{7E99C476-26CD-4B35-BAD3-016537ADDE2F}.Ad-Hoc|Any CPU.ActiveCfg = Release|x64
		{7E99C476-26CD-4B35-BAD3-016537ADDE2F}.Ad-Hoc|Any CPU.Build.0 = Release|x64
		{7E99C476-26CD-4B35-BAD3-016537ADDE2F}.Ad-Hoc|Any CPU.Deploy.0 = Release|x64
		{7E99C476-26CD-4B35-BAD3-016537ADDE2F}.Ad-Hoc|ARM.ActiveCfg = Release|ARM
		{7E99C476-26CD-4B35-BAD3-016537ADDE2F}.Ad-Hoc|ARM.Build.0 = Release|ARM
		{7E99C476-26CD-4B35-BAD3-016537ADDE2F}.Ad-Hoc|ARM.Deploy.0 = Release|ARM
		{7E99C476-26CD-4B35-BAD3-016537ADDE2F}.Ad-Hoc|ARM64.ActiveCfg = Release|ARM64
		{7E99C476-26CD-4B35-BAD3-016537ADDE2F}.Ad-Hoc|ARM64.Build.0 = Release|ARM64
		{7E99C476-26CD-4B35-BAD3-016537ADDE2F}.Ad-Hoc|ARM64.Deploy.0 = Release|ARM64
		{7E99C476-26CD-4B35-BAD3-016537ADDE2F}.Ad-Hoc|iPhone.ActiveCfg = Release|x64
		{7E99C476-26CD-4B35-BAD3-016537ADDE2F}.Ad-Hoc|iPhone.Build.0 = Release|x64
		{7E99C476-26CD-4B35-BAD3-016537ADDE2F}.Ad-Hoc|iPhone.Deploy.0 = Release|x64
		{7E99C476-26CD-4B35-BAD3-016537ADDE2F}.Ad-Hoc|iPhoneSimulator.ActiveCfg = Release|x64
		{7E99C476-26CD-4B35-BAD3-016537ADDE2F}.Ad-Hoc|iPhoneSimulator.Build.0 = Release|x64
		{7E99C476-26CD-4B35-BAD3-016537ADDE2F}.Ad-Hoc|iPhoneSimulator.Deploy.0 = Release|x64
		{7E99C476-26CD-4B35-BAD3-016537ADDE2F}.Ad-Hoc|x64.ActiveCfg = Release|x64
		{7E99C476-26CD-4B35-BAD3-016537ADDE2F}.Ad-Hoc|x64.Build.0 = Release|x64
		{7E99C476-26CD-4B35-BAD3-016537ADDE2F}.Ad-Hoc|x64.Deploy.0 = Release|x64
		{7E99C476-26CD-4B35-BAD3-016537ADDE2F}.Ad-Hoc|x86.ActiveCfg = Release|x86
		{7E99C476-26CD-4B35-BAD3-016537ADDE2F}.Ad-Hoc|x86.Build.0 = Release|x86
		{7E99C476-26CD-4B35-BAD3-016537ADDE2F}.Ad-Hoc|x86.Deploy.0 = Release|x86
		{7E99C476-26CD-4B35-BAD3-016537ADDE2F}.AppStore|Any CPU.ActiveCfg = Release|x64
		{7E99C476-26CD-4B35-BAD3-016537ADDE2F}.AppStore|Any CPU.Build.0 = Release|x64
		{7E99C476-26CD-4B35-BAD3-016537ADDE2F}.AppStore|Any CPU.Deploy.0 = Release|x64
		{7E99C476-26CD-4B35-BAD3-016537ADDE2F}.AppStore|ARM.ActiveCfg = Release|ARM
		{7E99C476-26CD-4B35-BAD3-016537ADDE2F}.AppStore|ARM.Build.0 = Release|ARM
		{7E99C476-26CD-4B35-BAD3-016537ADDE2F}.AppStore|ARM.Deploy.0 = Release|ARM
		{7E99C476-26CD-4B35-BAD3-016537ADDE2F}.AppStore|ARM64.ActiveCfg = Release|ARM64
		{7E99C476-26CD-4B35-BAD3-016537ADDE2F}.AppStore|ARM64.Build.0 = Release|ARM64
		{7E99C476-26CD-4B35-BAD3-016537ADDE2F}.AppStore|ARM64.Deploy.0 = Release|ARM64
		{7E99C476-26CD-4B35-BAD3-016537ADDE2F}.AppStore|iPhone.ActiveCfg = Release|x64
		{7E99C476-26CD-4B35-BAD3-016537ADDE2F}.AppStore|iPhone.Build.0 = Release|x64
		{7E99C476-26CD-4B35-BAD3-016537ADDE2F}.AppStore|iPhone.Deploy.0 = Release|x64
		{7E99C476-26CD-4B35-BAD3-016537ADDE2F}.AppStore|iPhoneSimulator.ActiveCfg = Release|x64
		{7E99C476-26CD-4B35-BAD3-016537ADDE2F}.AppStore|iPhoneSimulator.Build.0 = Release|x64
		{7E99C476-26CD-4B35-BAD3-016537ADDE2F}.AppStore|iPhoneSimulator.Deploy.0 = Release|x64
		{7E99C476-26CD-4B35-BAD3-016537ADDE2F}.AppStore|x64.ActiveCfg = Release|x64
		{7E99C476-26CD-4B35-BAD3-016537ADDE2F}.AppStore|x64.Build.0 = Release|x64
		{7E99C476-26CD-4B35-BAD3-016537ADDE2F}.AppStore|x64.Deploy.0 = Release|x64
		{7E99C476-26CD-4B35-BAD3-016537ADDE2F}.AppStore|x86.ActiveCfg = Release|x86
		{7E99C476-26CD-4B35-BAD3-016537ADDE2F}.AppStore|x86.Build.0 = Release|x86
		{7E99C476-26CD-4B35-BAD3-016537ADDE2F}.AppStore|x86.Deploy.0 = Release|x86
		{7E99C476-26CD-4B35-BAD3-016537ADDE2F}.Debug|Any CPU.ActiveCfg = Debug|x86
		{7E99C476-26CD-4B35-BAD3-016537ADDE2F}.Debug|Any CPU.Build.0 = Debug|x86
		{7E99C476-26CD-4B35-BAD3-016537ADDE2F}.Debug|Any CPU.Deploy.0 = Debug|x86
		{7E99C476-26CD-4B35-BAD3-016537ADDE2F}.Debug|ARM.ActiveCfg = Debug|ARM
		{7E99C476-26CD-4B35-BAD3-016537ADDE2F}.Debug|ARM.Build.0 = Debug|ARM
		{7E99C476-26CD-4B35-BAD3-016537ADDE2F}.Debug|ARM.Deploy.0 = Debug|ARM
		{7E99C476-26CD-4B35-BAD3-016537ADDE2F}.Debug|ARM64.ActiveCfg = Debug|ARM64
		{7E99C476-26CD-4B35-BAD3-016537ADDE2F}.Debug|ARM64.Build.0 = Debug|ARM64
		{7E99C476-26CD-4B35-BAD3-016537ADDE2F}.Debug|ARM64.Deploy.0 = Debug|ARM64
		{7E99C476-26CD-4B35-BAD3-016537ADDE2F}.Debug|iPhone.ActiveCfg = Debug|x86
		{7E99C476-26CD-4B35-BAD3-016537ADDE2F}.Debug|iPhoneSimulator.ActiveCfg = Debug|x86
		{7E99C476-26CD-4B35-BAD3-016537ADDE2F}.Debug|x64.ActiveCfg = Debug|x64
		{7E99C476-26CD-4B35-BAD3-016537ADDE2F}.Debug|x64.Build.0 = Debug|x64
		{7E99C476-26CD-4B35-BAD3-016537ADDE2F}.Debug|x64.Deploy.0 = Debug|x64
		{7E99C476-26CD-4B35-BAD3-016537ADDE2F}.Debug|x86.ActiveCfg = Debug|x86
		{7E99C476-26CD-4B35-BAD3-016537ADDE2F}.Debug|x86.Build.0 = Debug|x86
		{7E99C476-26CD-4B35-BAD3-016537ADDE2F}.Debug|x86.Deploy.0 = Debug|x86
		{7E99C476-26CD-4B35-BAD3-016537ADDE2F}.Release|Any CPU.ActiveCfg = Release|x86
		{7E99C476-26CD-4B35-BAD3-016537ADDE2F}.Release|ARM.ActiveCfg = Release|ARM
		{7E99C476-26CD-4B35-BAD3-016537ADDE2F}.Release|ARM.Build.0 = Release|ARM
		{7E99C476-26CD-4B35-BAD3-016537ADDE2F}.Release|ARM.Deploy.0 = Release|ARM
		{7E99C476-26CD-4B35-BAD3-016537ADDE2F}.Release|ARM64.ActiveCfg = Release|ARM64
		{7E99C476-26CD-4B35-BAD3-016537ADDE2F}.Release|ARM64.Build.0 = Release|ARM64
		{7E99C476-26CD-4B35-BAD3-016537ADDE2F}.Release|ARM64.Deploy.0 = Release|ARM64
		{7E99C476-26CD-4B35-BAD3-016537ADDE2F}.Release|iPhone.ActiveCfg = Release|x86
		{7E99C476-26CD-4B35-BAD3-016537ADDE2F}.Release|iPhoneSimulator.ActiveCfg = Release|x86
		{7E99C476-26CD-4B35-BAD3-016537ADDE2F}.Release|x64.ActiveCfg = Release|x64
		{7E99C476-26CD-4B35-BAD3-016537ADDE2F}.Release|x64.Build.0 = Release|x64
		{7E99C476-26CD-4B35-BAD3-016537ADDE2F}.Release|x64.Deploy.0 = Release|x64
		{7E99C476-26CD-4B35-BAD3-016537ADDE2F}.Release|x86.ActiveCfg = Release|x86
		{7E99C476-26CD-4B35-BAD3-016537ADDE2F}.Release|x86.Build.0 = Release|x86
		{7E99C476-26CD-4B35-BAD3-016537ADDE2F}.Release|x86.Deploy.0 = Release|x86
	EndGlobalSection
	GlobalSection(SolutionProperties) = preSolution
		HideSolutionNode = FALSE
	EndGlobalSection
	GlobalSection(ExtensibilityGlobals) = postSolution
		SolutionGuid = {CCBD81CC-F1B3-4994-99ED-1F93956B016F}
	EndGlobalSection
EndGlobal
